
Microsoft Visual Studio Solution File, Format Version 12.00
# Visual Studio Version 17
VisualStudioVersion = 17.0.32112.339
MinimumVisualStudioVersion = 10.0.40219.1
Project("{8BC9CEB8-8B4A-11D0-8D11-00A0C91BC942}") = "PluginTemplate", "Projects\PluginTemplate\PluginTemplate.vcxproj", "{72DC67AC-0F8B-4767-B3DD-AD6D92D584B8}"
EndProject
Project("{8BC9CEB8-8B4A-11D0-8D11-00A0C91BC942}") = "TidyDams", "Projects\TidyDams\TidyDams.vcxproj", "{55BF6F67-A9C0-464D-A26A-F276F13DC3D3}"
EndProject
Project("{8BC9CEB8-8B4A-11D0-8D11-00A0C91BC942}") = "SpyglassStats", "Projects\SpyglassStats\SpyglassStats.vcxproj", "{AA901984-A0FF-425A-BB2D-BBA7B6055B6E}"
EndProject
Project("{8BC9CEB8-8B4A-11D0-8D11-00A0C91BC942}") = "InventoryAccess", "Projects\InventoryAccess\InventoryAccess.vcxproj", "{D3230348-F8DC-4E5E-8051-A4C4B5AED18B}"
EndProject
Project("{8BC9CEB8-8B4A-11D0-8D11-00A0C91BC942}") = "StructurePickup", "Projects\StructurePickup\StructurePickup.vcxproj", "{40F3C8C7-A246-4395-BD8B-2D274681242C}"
EndProject
Global
	GlobalSection(SolutionConfigurationPlatforms) = preSolution
		Debug|x64 = Debug|x64
		Release|x64 = Release|x64
	EndGlobalSection
	GlobalSection(ProjectConfigurationPlatforms) = postSolution
		{72DC67AC-0F8B-4767-B3DD-AD6D92D584B8}.Debug|x64.ActiveCfg = Release|x64
		{72DC67AC-0F8B-4767-B3DD-AD6D92D584B8}.Debug|x64.Build.0 = Release|x64
		{72DC67AC-0F8B-4767-B3DD-AD6D92D584B8}.Release|x64.ActiveCfg = Release|x64
		{72DC67AC-0F8B-4767-B3DD-AD6D92D584B8}.Release|x64.Build.0 = Release|x64
		{55BF6F67-A9C0-464D-A26A-F276F13DC3D3}.Debug|x64.ActiveCfg = Release|x64
		{55BF6F67-A9C0-464D-A26A-F276F13DC3D3}.Debug|x64.Build.0 = Release|x64
		{55BF6F67-A9C0-464D-A26A-F276F13DC3D3}.Release|x64.ActiveCfg = Release|x64
		{55BF6F67-A9C0-464D-A26A-F276F13DC3D3}.Release|x64.Build.0 = Release|x64
		{AA901984-A0FF-425A-BB2D-BBA7B6055B6E}.Debug|x64.ActiveCfg = Release|x64
		{AA901984-A0FF-425A-BB2D-BBA7B6055B6E}.Debug|x64.Build.0 = Release|x64
		{AA901984-A0FF-425A-BB2D-BBA7B6055B6E}.Release|x64.ActiveCfg = Release|x64
		{AA901984-A0FF-425A-BB2D-BBA7B6055B6E}.Release|x64.Build.0 = Release|x64
		{D3230348-F8DC-4E5E-8051-A4C4B5AED18B}.Debug|x64.ActiveCfg = Release|x64
		{D3230348-F8DC-4E5E-8051-A4C4B5AED18B}.Debug|x64.Build.0 = Release|x64
		{D3230348-F8DC-4E5E-8051-A4C4B5AED18B}.Release|x64.ActiveCfg = Release|x64
		{D3230348-F8DC-4E5E-8051-A4C4B5AED18B}.Release|x64.Build.0 = Release|x64
		{40F3C8C7-A246-4395-BD8B-2D274681242C}.Debug|x64.ActiveCfg = Release|x64
		{40F3C8C7-A246-4395-BD8B-2D274681242C}.Debug|x64.Build.0 = Release|x64
		{40F3C8C7-A246-4395-BD8B-2D274681242C}.Release|x64.ActiveCfg = Release|x64
		{40F3C8C7-A246-4395-BD8B-2D274681242C}.Release|x64.Build.0 = Release|x64
	EndGlobalSection
	GlobalSection(SolutionProperties) = preSolution
		HideSolutionNode = FALSE
	EndGlobalSection
	GlobalSection(ExtensibilityGlobals) = postSolution
		SolutionGuid = {51C48CC3-B8EC-4028-833A-1F3C1E3DEEEE}
	EndGlobalSection
EndGlobal
